
Microsoft Visual Studio Solution File, Format Version 12.00
# Visual Studio Version 16
VisualStudioVersion = 16.0.29509.3
MinimumVisualStudioVersion = 10.0.40219.1
Project("{FAE04EC0-301F-11D3-BF4B-00C04F79EFBC}") = "SampleCSharpNuget", "SampleCSharpNuget\SampleCSharpNuget.csproj", "{0C52FCB1-4E70-4A72-A1B2-1AC9F82A1A39}"
EndProject
Global
	GlobalSection(SolutionConfigurationPlatforms) = preSolution
		Debug|Any CPU = Debug|Any CPU
		Release|Any CPU = Release|Any CPU
	EndGlobalSection
	GlobalSection(ProjectConfigurationPlatforms) = postSolution
		{0C52FCB1-4E70-4A72-A1B2-1AC9F82A1A39}.Debug|Any CPU.ActiveCfg = Debug|Any CPU
		{0C52FCB1-4E70-4A72-A1B2-1AC9F82A1A39}.Debug|Any CPU.Build.0 = Debug|Any CPU
		{0C52FCB1-4E70-4A72-A1B2-1AC9F82A1A39}.Release|Any CPU.ActiveCfg = Release|Any CPU
		{0C52FCB1-4E70-4A72-A1B2-1AC9F82A1A39}.Release|Any CPU.Build.0 = Release|Any CPU
	EndGlobalSection
	GlobalSection(SolutionProperties) = preSolution
		HideSolutionNode = FALSE
	EndGlobalSection
	GlobalSection(ExtensibilityGlobals) = postSolution
		SolutionGuid = {12B3D9F9-ADE4-4242-B9A2-F657FB5E34C7}
	EndGlobalSection
EndGlobal
